// !$*UTF8*$!
{
	archiveVersion = 1;
	classes = {
	};
	objectVersion = 48;
	objects = {

/* Begin PBXBuildFile section */
		4E830A0C897241CF7C4069A7 /* Pods_Smack.framework in Frameworks */ = {isa = PBXBuildFile; fileRef = 8856F4F7EED5F729096F0334 /* Pods_Smack.framework */; };
		BE166D5B1F49BB2700E7D313 /* AppDelegate.swift in Sources */ = {isa = PBXBuildFile; fileRef = BE166D5A1F49BB2700E7D313 /* AppDelegate.swift */; };
		BE166D601F49BB2700E7D313 /* Main.storyboard in Resources */ = {isa = PBXBuildFile; fileRef = BE166D5E1F49BB2700E7D313 /* Main.storyboard */; };
		BE166D621F49BB2700E7D313 /* Assets.xcassets in Resources */ = {isa = PBXBuildFile; fileRef = BE166D611F49BB2700E7D313 /* Assets.xcassets */; };
		BE166D651F49BB2700E7D313 /* LaunchScreen.storyboard in Resources */ = {isa = PBXBuildFile; fileRef = BE166D631F49BB2700E7D313 /* LaunchScreen.storyboard */; };
		BEA046C11F49DDCC00918110 /* ChatVC.swift in Sources */ = {isa = PBXBuildFile; fileRef = BEA046C01F49DDCC00918110 /* ChatVC.swift */; };
		BEA046C31F49DDE500918110 /* ChannelVC.swift in Sources */ = {isa = PBXBuildFile; fileRef = BEA046C21F49DDE500918110 /* ChannelVC.swift */; };
/* End PBXBuildFile section */

/* Begin PBXFileReference section */
		7BFFB325240B3B2C06C4522D /* Pods-Smack.debug.xcconfig */ = {isa = PBXFileReference; includeInIndex = 1; lastKnownFileType = text.xcconfig; name = "Pods-Smack.debug.xcconfig"; path = "Pods/Target Support Files/Pods-Smack/Pods-Smack.debug.xcconfig"; sourceTree = "<group>"; };
		8856F4F7EED5F729096F0334 /* Pods_Smack.framework */ = {isa = PBXFileReference; explicitFileType = wrapper.framework; includeInIndex = 0; path = Pods_Smack.framework; sourceTree = BUILT_PRODUCTS_DIR; };
		BE166D571F49BB2700E7D313 /* Smack.app */ = {isa = PBXFileReference; explicitFileType = wrapper.application; includeInIndex = 0; path = Smack.app; sourceTree = BUILT_PRODUCTS_DIR; };
		BE166D5A1F49BB2700E7D313 /* AppDelegate.swift */ = {isa = PBXFileReference; lastKnownFileType = sourcecode.swift; path = AppDelegate.swift; sourceTree = "<group>"; };
		BE166D5F1F49BB2700E7D313 /* Base */ = {isa = PBXFileReference; lastKnownFileType = file.storyboard; name = Base; path = Base.lproj/Main.storyboard; sourceTree = "<group>"; };
		BE166D611F49BB2700E7D313 /* Assets.xcassets */ = {isa = PBXFileReference; lastKnownFileType = folder.assetcatalog; path = Assets.xcassets; sourceTree = "<group>"; };
		BE166D641F49BB2700E7D313 /* Base */ = {isa = PBXFileReference; lastKnownFileType = file.storyboard; name = Base; path = Base.lproj/LaunchScreen.storyboard; sourceTree = "<group>"; };
		BE166D661F49BB2700E7D313 /* Info.plist */ = {isa = PBXFileReference; lastKnownFileType = text.plist.xml; path = Info.plist; sourceTree = "<group>"; };
		BEA046BD1F49CA9B00918110 /* Smack-Bridging-Header.h */ = {isa = PBXFileReference; lastKnownFileType = sourcecode.c.h; path = "Smack-Bridging-Header.h"; sourceTree = "<group>"; };
		BEA046BE1F49CA9C00918110 /* SWRevealViewController.h */ = {isa = PBXFileReference; lastKnownFileType = sourcecode.c.h; path = SWRevealViewController.h; sourceTree = "<group>"; };
		BEA046BF1F49CA9C00918110 /* SWRevealViewController.m */ = {isa = PBXFileReference; lastKnownFileType = sourcecode.c.objc; path = SWRevealViewController.m; sourceTree = "<group>"; };
		BEA046C01F49DDCC00918110 /* ChatVC.swift */ = {isa = PBXFileReference; lastKnownFileType = sourcecode.swift; path = ChatVC.swift; sourceTree = "<group>"; };
		BEA046C21F49DDE500918110 /* ChannelVC.swift */ = {isa = PBXFileReference; lastKnownFileType = sourcecode.swift; path = ChannelVC.swift; sourceTree = "<group>"; };
		FB21D0FFC754866CF9F9CE4B /* Pods-Smack.release.xcconfig */ = {isa = PBXFileReference; includeInIndex = 1; lastKnownFileType = text.xcconfig; name = "Pods-Smack.release.xcconfig"; path = "Pods/Target Support Files/Pods-Smack/Pods-Smack.release.xcconfig"; sourceTree = "<group>"; };
/* End PBXFileReference section */

/* Begin PBXFrameworksBuildPhase section */
		BE166D541F49BB2700E7D313 /* Frameworks */ = {
			isa = PBXFrameworksBuildPhase;
			buildActionMask = 2147483647;
			files = (
				4E830A0C897241CF7C4069A7 /* Pods_Smack.framework in Frameworks */,
			);
			runOnlyForDeploymentPostprocessing = 0;
		};
/* End PBXFrameworksBuildPhase section */

/* Begin PBXGroup section */
		BE166D4E1F49BB2700E7D313 = {
			isa = PBXGroup;
			children = (
				BE166D591F49BB2700E7D313 /* Smack */,
				BE166D581F49BB2700E7D313 /* Products */,
				FA80C8BE1196E1F3DCD68542 /* Pods */,
				CD5BC4489B60BF9091787E7E /* Frameworks */,
			);
			sourceTree = "<group>";
		};
		BE166D581F49BB2700E7D313 /* Products */ = {
			isa = PBXGroup;
			children = (
				BE166D571F49BB2700E7D313 /* Smack.app */,
			);
			name = Products;
			sourceTree = "<group>";
		};
		BE166D591F49BB2700E7D313 /* Smack */ = {
			isa = PBXGroup;
			children = (
				BE166D6E1F49BEAA00E7D313 /* Model */,
				BE166D6D1F49BEA100E7D313 /* View */,
				BE166D6C1F49BE9500E7D313 /* Controller */,
				BEA046BC1F49CA6200918110 /* Supporting Files */,
				BE166D6F1F49BEC200E7D313 /* Resources */,
				BE166D5A1F49BB2700E7D313 /* AppDelegate.swift */,
				BE166D631F49BB2700E7D313 /* LaunchScreen.storyboard */,
				BE166D5E1F49BB2700E7D313 /* Main.storyboard */,
				BE166D661F49BB2700E7D313 /* Info.plist */,
			);
			path = Smack;
			sourceTree = "<group>";
		};
		BE166D6C1F49BE9500E7D313 /* Controller */ = {
			isa = PBXGroup;
			children = (
				BEA046C01F49DDCC00918110 /* ChatVC.swift */,
				BEA046C21F49DDE500918110 /* ChannelVC.swift */,
			);
			path = Controller;
			sourceTree = "<group>";
		};
		BE166D6D1F49BEA100E7D313 /* View */ = {
			isa = PBXGroup;
			children = (
			);
			path = View;
			sourceTree = "<group>";
		};
		BE166D6E1F49BEAA00E7D313 /* Model */ = {
			isa = PBXGroup;
			children = (
			);
			path = Model;
			sourceTree = "<group>";
		};
		BE166D6F1F49BEC200E7D313 /* Resources */ = {
			isa = PBXGroup;
			children = (
				BE166D611F49BB2700E7D313 /* Assets.xcassets */,
			);
			path = Resources;
			sourceTree = "<group>";
		};
		BEA046BC1F49CA6200918110 /* Supporting Files */ = {
			isa = PBXGroup;
			children = (
				BEA046BE1F49CA9C00918110 /* SWRevealViewController.h */,
				BEA046BF1F49CA9C00918110 /* SWRevealViewController.m */,
				BEA046BD1F49CA9B00918110 /* Smack-Bridging-Header.h */,
			);
			path = "Supporting Files";
			sourceTree = "<group>";
		};
		CD5BC4489B60BF9091787E7E /* Frameworks */ = {
			isa = PBXGroup;
			children = (
				8856F4F7EED5F729096F0334 /* Pods_Smack.framework */,
			);
			name = Frameworks;
			sourceTree = "<group>";
		};
		FA80C8BE1196E1F3DCD68542 /* Pods */ = {
			isa = PBXGroup;
			children = (
				7BFFB325240B3B2C06C4522D /* Pods-Smack.debug.xcconfig */,
				FB21D0FFC754866CF9F9CE4B /* Pods-Smack.release.xcconfig */,
			);
			name = Pods;
			sourceTree = "<group>";
		};
/* End PBXGroup section */

/* Begin PBXNativeTarget section */
		BE166D561F49BB2700E7D313 /* Smack */ = {
			isa = PBXNativeTarget;
			buildConfigurationList = BE166D691F49BB2700E7D313 /* Build configuration list for PBXNativeTarget "Smack" */;
			buildPhases = (
				B0DC96AB647DEA127B8FAC28 /* [CP] Check Pods Manifest.lock */,
				BE166D531F49BB2700E7D313 /* Sources */,
				BE166D541F49BB2700E7D313 /* Frameworks */,
				BE166D551F49BB2700E7D313 /* Resources */,
				40B5AAB4A5E3D7C3B3E61151 /* [CP] Embed Pods Frameworks */,
				F19AEADC21FD3244101736E6 /* [CP] Copy Pods Resources */,
			);
			buildRules = (
			);
			dependencies = (
			);
			name = Smack;
			productName = Smack;
			productReference = BE166D571F49BB2700E7D313 /* Smack.app */;
			productType = "com.apple.product-type.application";
		};
/* End PBXNativeTarget section */

/* Begin PBXProject section */
		BE166D4F1F49BB2700E7D313 /* Project object */ = {
			isa = PBXProject;
			attributes = {
				LastSwiftUpdateCheck = 0900;
				LastUpgradeCheck = 0900;
				ORGANIZATIONNAME = Lichtverbunden;
				TargetAttributes = {
					BE166D561F49BB2700E7D313 = {
						CreatedOnToolsVersion = 9.0;
						LastSwiftMigration = 0900;
					};
				};
			};
			buildConfigurationList = BE166D521F49BB2700E7D313 /* Build configuration list for PBXProject "Smack" */;
			compatibilityVersion = "Xcode 8.0";
			developmentRegion = en;
			hasScannedForEncodings = 0;
			knownRegions = (
				en,
				Base,
			);
			mainGroup = BE166D4E1F49BB2700E7D313;
			productRefGroup = BE166D581F49BB2700E7D313 /* Products */;
			projectDirPath = "";
			projectRoot = "";
			targets = (
				BE166D561F49BB2700E7D313 /* Smack */,
			);
		};
/* End PBXProject section */

/* Begin PBXResourcesBuildPhase section */
		BE166D551F49BB2700E7D313 /* Resources */ = {
			isa = PBXResourcesBuildPhase;
			buildActionMask = 2147483647;
			files = (
				BE166D651F49BB2700E7D313 /* LaunchScreen.storyboard in Resources */,
				BE166D621F49BB2700E7D313 /* Assets.xcassets in Resources */,
				BE166D601F49BB2700E7D313 /* Main.storyboard in Resources */,
			);
			runOnlyForDeploymentPostprocessing = 0;
		};
/* End PBXResourcesBuildPhase section */

/* Begin PBXShellScriptBuildPhase section */
		40B5AAB4A5E3D7C3B3E61151 /* [CP] Embed Pods Frameworks */ = {
			isa = PBXShellScriptBuildPhase;
			buildActionMask = 2147483647;
			files = (
			);
			inputPaths = (
			);
			name = "[CP] Embed Pods Frameworks";
			outputPaths = (
			);
			runOnlyForDeploymentPostprocessing = 0;
			shellPath = /bin/sh;
			shellScript = "\"${SRCROOT}/Pods/Target Support Files/Pods-Smack/Pods-Smack-frameworks.sh\"\n";
			showEnvVarsInLog = 0;
		};
		B0DC96AB647DEA127B8FAC28 /* [CP] Check Pods Manifest.lock */ = {
			isa = PBXShellScriptBuildPhase;
			buildActionMask = 2147483647;
			files = (
			);
			inputPaths = (
			);
			name = "[CP] Check Pods Manifest.lock";
			outputPaths = (
			);
			runOnlyForDeploymentPostprocessing = 0;
			shellPath = /bin/sh;
			shellScript = "diff \"${PODS_ROOT}/../Podfile.lock\" \"${PODS_ROOT}/Manifest.lock\" > /dev/null\nif [ $? != 0 ] ; then\n    # print error to STDERR\n    echo \"error: The sandbox is not in sync with the Podfile.lock. Run 'pod install' or update your CocoaPods installation.\" >&2\n    exit 1\nfi\n";
			showEnvVarsInLog = 0;
		};
		F19AEADC21FD3244101736E6 /* [CP] Copy Pods Resources */ = {
			isa = PBXShellScriptBuildPhase;
			buildActionMask = 2147483647;
			files = (
			);
			inputPaths = (
			);
			name = "[CP] Copy Pods Resources";
			outputPaths = (
			);
			runOnlyForDeploymentPostprocessing = 0;
			shellPath = /bin/sh;
			shellScript = "\"${SRCROOT}/Pods/Target Support Files/Pods-Smack/Pods-Smack-resources.sh\"\n";
			showEnvVarsInLog = 0;
		};
/* End PBXShellScriptBuildPhase section */

/* Begin PBXSourcesBuildPhase section */
		BE166D531F49BB2700E7D313 /* Sources */ = {
			isa = PBXSourcesBuildPhase;
			buildActionMask = 2147483647;
			files = (
				BEA046C11F49DDCC00918110 /* ChatVC.swift in Sources */,
				BEA046C31F49DDE500918110 /* ChannelVC.swift in Sources */,
				BE166D5B1F49BB2700E7D313 /* AppDelegate.swift in Sources */,
			);
			runOnlyForDeploymentPostprocessing = 0;
		};
/* End PBXSourcesBuildPhase section */

/* Begin PBXVariantGroup section */
		BE166D5E1F49BB2700E7D313 /* Main.storyboard */ = {
			isa = PBXVariantGroup;
			children = (
				BE166D5F1F49BB2700E7D313 /* Base */,
			);
			name = Main.storyboard;
			sourceTree = "<group>";
		};
		BE166D631F49BB2700E7D313 /* LaunchScreen.storyboard */ = {
			isa = PBXVariantGroup;
			children = (
				BE166D641F49BB2700E7D313 /* Base */,
			);
			name = LaunchScreen.storyboard;
			sourceTree = "<group>";
		};
/* End PBXVariantGroup section */

/* Begin XCBuildConfiguration section */
		BE166D671F49BB2700E7D313 /* Debug */ = {
			isa = XCBuildConfiguration;
			buildSettings = {
				ALWAYS_SEARCH_USER_PATHS = NO;
				CLANG_ANALYZER_NONNULL = YES;
				CLANG_ANALYZER_NUMBER_OBJECT_CONVERSION = YES_AGGRESSIVE;
				CLANG_CXX_LANGUAGE_STANDARD = "gnu++14";
				CLANG_CXX_LIBRARY = "libc++";
				CLANG_ENABLE_MODULES = YES;
				CLANG_ENABLE_OBJC_ARC = YES;
				CLANG_WARN_BLOCK_CAPTURE_AUTORELEASING = YES;
				CLANG_WARN_BOOL_CONVERSION = YES;
				CLANG_WARN_COMMA = YES;
				CLANG_WARN_CONSTANT_CONVERSION = YES;
				CLANG_WARN_DIRECT_OBJC_ISA_USAGE = YES_ERROR;
				CLANG_WARN_DOCUMENTATION_COMMENTS = YES;
				CLANG_WARN_EMPTY_BODY = YES;
				CLANG_WARN_ENUM_CONVERSION = YES;
				CLANG_WARN_INFINITE_RECURSION = YES;
				CLANG_WARN_INT_CONVERSION = YES;
				CLANG_WARN_NON_LITERAL_NULL_CONVERSION = YES;
				CLANG_WARN_OBJC_LITERAL_CONVERSION = YES;
				CLANG_WARN_OBJC_ROOT_CLASS = YES_ERROR;
				CLANG_WARN_RANGE_LOOP_ANALYSIS = YES;
				CLANG_WARN_STRICT_PROTOTYPES = YES;
				CLANG_WARN_SUSPICIOUS_MOVE = YES;
				CLANG_WARN_UNGUARDED_AVAILABILITY = YES_AGGRESSIVE;
				CLANG_WARN_UNREACHABLE_CODE = YES;
				CLANG_WARN__DUPLICATE_METHOD_MATCH = YES;
				CODE_SIGN_IDENTITY = "iPhone Developer";
				COPY_PHASE_STRIP = NO;
				DEBUG_INFORMATION_FORMAT = dwarf;
				ENABLE_STRICT_OBJC_MSGSEND = YES;
				ENABLE_TESTABILITY = YES;
				GCC_C_LANGUAGE_STANDARD = gnu11;
				GCC_DYNAMIC_NO_PIC = NO;
				GCC_NO_COMMON_BLOCKS = YES;
				GCC_OPTIMIZATION_LEVEL = 0;
				GCC_PREPROCESSOR_DEFINITIONS = (
					"DEBUG=1",
					"$(inherited)",
				);
				GCC_WARN_64_TO_32_BIT_CONVERSION = YES;
				GCC_WARN_ABOUT_RETURN_TYPE = YES_ERROR;
				GCC_WARN_UNDECLARED_SELECTOR = YES;
				GCC_WARN_UNINITIALIZED_AUTOS = YES_AGGRESSIVE;
				GCC_WARN_UNUSED_FUNCTION = YES;
				GCC_WARN_UNUSED_VARIABLE = YES;
				IPHONEOS_DEPLOYMENT_TARGET = 11.0;
				MTL_ENABLE_DEBUG_INFO = YES;
				ONLY_ACTIVE_ARCH = YES;
				SDKROOT = iphoneos;
				SWIFT_ACTIVE_COMPILATION_CONDITIONS = DEBUG;
				SWIFT_OPTIMIZATION_LEVEL = "-Onone";
			};
			name = Debug;
		};
		BE166D681F49BB2700E7D313 /* Release */ = {
			isa = XCBuildConfiguration;
			buildSettings = {
				ALWAYS_SEARCH_USER_PATHS = NO;
				CLANG_ANALYZER_NONNULL = YES;
				CLANG_ANALYZER_NUMBER_OBJECT_CONVERSION = YES_AGGRESSIVE;
				CLANG_CXX_LANGUAGE_STANDARD = "gnu++14";
				CLANG_CXX_LIBRARY = "libc++";
				CLANG_ENABLE_MODULES = YES;
				CLANG_ENABLE_OBJC_ARC = YES;
				CLANG_WARN_BLOCK_CAPTURE_AUTORELEASING = YES;
				CLANG_WARN_BOOL_CONVERSION = YES;
				CLANG_WARN_COMMA = YES;
				CLANG_WARN_CONSTANT_CONVERSION = YES;
				CLANG_WARN_DIRECT_OBJC_ISA_USAGE = YES_ERROR;
				CLANG_WARN_DOCUMENTATION_COMMENTS = YES;
				CLANG_WARN_EMPTY_BODY = YES;
				CLANG_WARN_ENUM_CONVERSION = YES;
				CLANG_WARN_INFINITE_RECURSION = YES;
				CLANG_WARN_INT_CONVERSION = YES;
				CLANG_WARN_NON_LITERAL_NULL_CONVERSION = YES;
				CLANG_WARN_OBJC_LITERAL_CONVERSION = YES;
				CLANG_WARN_OBJC_ROOT_CLASS = YES_ERROR;
				CLANG_WARN_RANGE_LOOP_ANALYSIS = YES;
				CLANG_WARN_STRICT_PROTOTYPES = YES;
				CLANG_WARN_SUSPICIOUS_MOVE = YES;
				CLANG_WARN_UNGUARDED_AVAILABILITY = YES_AGGRESSIVE;
				CLANG_WARN_UNREACHABLE_CODE = YES;
				CLANG_WARN__DUPLICATE_METHOD_MATCH = YES;
				CODE_SIGN_IDENTITY = "iPhone Developer";
				COPY_PHASE_STRIP = NO;
				DEBUG_INFORMATION_FORMAT = "dwarf-with-dsym";
				ENABLE_NS_ASSERTIONS = NO;
				ENABLE_STRICT_OBJC_MSGSEND = YES;
				GCC_C_LANGUAGE_STANDARD = gnu11;
				GCC_NO_COMMON_BLOCKS = YES;
				GCC_WARN_64_TO_32_BIT_CONVERSION = YES;
				GCC_WARN_ABOUT_RETURN_TYPE = YES_ERROR;
				GCC_WARN_UNDECLARED_SELECTOR = YES;
				GCC_WARN_UNINITIALIZED_AUTOS = YES_AGGRESSIVE;
				GCC_WARN_UNUSED_FUNCTION = YES;
				GCC_WARN_UNUSED_VARIABLE = YES;
				IPHONEOS_DEPLOYMENT_TARGET = 11.0;
				MTL_ENABLE_DEBUG_INFO = NO;
				SDKROOT = iphoneos;
				SWIFT_OPTIMIZATION_LEVEL = "-Owholemodule";
				VALIDATE_PRODUCT = YES;
			};
			name = Release;
		};
		BE166D6A1F49BB2700E7D313 /* Debug */ = {
			isa = XCBuildConfiguration;
			baseConfigurationReference = 7BFFB325240B3B2C06C4522D /* Pods-Smack.debug.xcconfig */;
			buildSettings = {
				ASSETCATALOG_COMPILER_APPICON_NAME = AppIcon;
				CLANG_ENABLE_MODULES = YES;
				DEVELOPMENT_TEAM = N44J6L5WWP;
				INFOPLIST_FILE = Smack/Info.plist;
				LD_RUNPATH_SEARCH_PATHS = "$(inherited) @executable_path/Frameworks";
				PRODUCT_BUNDLE_IDENTIFIER = lu.lichtverbunden.Smack;
				PRODUCT_NAME = "$(TARGET_NAME)";
				SWIFT_OBJC_BRIDGING_HEADER = "Smack/Supporting Files/Smack-Bridging-Header.h";
				SWIFT_OPTIMIZATION_LEVEL = "-Onone";
				SWIFT_VERSION = 4.0;
				TARGETED_DEVICE_FAMILY = "1,2";
			};
			name = Debug;
		};
		BE166D6B1F49BB2700E7D313 /* Release */ = {
			isa = XCBuildConfiguration;
			baseConfigurationReference = FB21D0FFC754866CF9F9CE4B /* Pods-Smack.release.xcconfig */;
			buildSettings = {
				ASSETCATALOG_COMPILER_APPICON_NAME = AppIcon;
				CLANG_ENABLE_MODULES = YES;
				DEVELOPMENT_TEAM = N44J6L5WWP;
				INFOPLIST_FILE = Smack/Info.plist;
				LD_RUNPATH_SEARCH_PATHS = "$(inherited) @executable_path/Frameworks";
				PRODUCT_BUNDLE_IDENTIFIER = lu.lichtverbunden.Smack;
				PRODUCT_NAME = "$(TARGET_NAME)";
				SWIFT_OBJC_BRIDGING_HEADER = "Smack/Supporting Files/Smack-Bridging-Header.h";
				SWIFT_VERSION = 4.0;
				TARGETED_DEVICE_FAMILY = "1,2";
			};
			name = Release;
		};
/* End XCBuildConfiguration section */

/* Begin XCConfigurationList section */
		BE166D521F49BB2700E7D313 /* Build configuration list for PBXProject "Smack" */ = {
			isa = XCConfigurationList;
			buildConfigurations = (
				BE166D671F49BB2700E7D313 /* Debug */,
				BE166D681F49BB2700E7D313 /* Release */,
			);
			defaultConfigurationIsVisible = 0;
			defaultConfigurationName = Release;
		};
		BE166D691F49BB2700E7D313 /* Build configuration list for PBXNativeTarget "Smack" */ = {
			isa = XCConfigurationList;
			buildConfigurations = (
				BE166D6A1F49BB2700E7D313 /* Debug */,
				BE166D6B1F49BB2700E7D313 /* Release */,
			);
			defaultConfigurationIsVisible = 0;
			defaultConfigurationName = Release;
		};
/* End XCConfigurationList section */
	};
	rootObject = BE166D4F1F49BB2700E7D313 /* Project object */;
}
